
Microsoft Visual Studio Solution File, Format Version 12.00
# Visual Studio 15
Project("{FAE04EC0-301F-11D3-BF4B-00C04F79EFBC}") = "Inference.Tests", "Inference.Tests.csproj", "{B28B6BA3-5788-4545-87C1-890A9DA67A3B}"
EndProject
Global
	GlobalSection(SolutionConfigurationPlatforms) = preSolution
		Debug|Any CPU = Debug|Any CPU
		Release|Any CPU = Release|Any CPU
	EndGlobalSection
	GlobalSection(ProjectConfigurationPlatforms) = postSolution
		{B28B6BA3-5788-4545-87C1-890A9DA67A3B}.Debug|Any CPU.ActiveCfg = Debug|Any CPU
		{B28B6BA3-5788-4545-87C1-890A9DA67A3B}.Debug|Any CPU.Build.0 = Debug|Any CPU
		{B28B6BA3-5788-4545-87C1-890A9DA67A3B}.Release|Any CPU.ActiveCfg = Release|Any CPU
		{B28B6BA3-5788-4545-87C1-890A9DA67A3B}.Release|Any CPU.Build.0 = Release|Any CPU
	EndGlobalSection
EndGlobal
