
Microsoft Visual Studio Solution File, Format Version 12.00
# Visual Studio Express 2012 for Windows Desktop
Project("{FAE04EC0-301F-11D3-BF4B-00C04F79EFBC}") = "Inference", "Inference\Inference.csproj", "{5800F110-DF42-4F81-84F0-64AE8E2F73CA}"
EndProject
Project("{FAE04EC0-301F-11D3-BF4B-00C04F79EFBC}") = "Inference.Tests", "Inference.Tests\Inference.Tests.csproj", "{B15A30C2-CD4C-440F-925E-84EA95EA5CAB}"
EndProject
Project("{FAE04EC0-301F-11D3-BF4B-00C04F79EFBC}") = "InferenceConsoleApp", "..\InferenceConsoleApp\InferenceConsoleApp.csproj", "{42497DC2-F051-45C0-95B5-0C927E09DD11}"
EndProject
Project("{FAE04EC0-301F-11D3-BF4B-00C04F79EFBC}") = "WPFInference", "..\WPFInference\WPFInference.csproj", "{B04D168B-6EBE-4572-B372-1FF5E533AF91}"
EndProject
Project("{FAE04EC0-301F-11D3-BF4B-00C04F79EFBC}") = "NHibernateHelperLib", "..\..\..\Libraries\NHibernateHelperLib\NHibernateHelperLib.csproj", "{5A047192-ECC2-4904-9D43-B20F5E21D892}"
EndProject
Project("{FAE04EC0-301F-11D3-BF4B-00C04F79EFBC}") = "Inference.MSTests", "Inference.MSTests\Inference.MSTests.csproj", "{117053EF-A816-4624-AD25-786DABA5D672}"
EndProject
Global
	GlobalSection(SolutionConfigurationPlatforms) = preSolution
		Debug|Any CPU = Debug|Any CPU
		Debug|Mixed Platforms = Debug|Mixed Platforms
		Debug|x86 = Debug|x86
		Release|Any CPU = Release|Any CPU
		Release|Mixed Platforms = Release|Mixed Platforms
		Release|x86 = Release|x86
	EndGlobalSection
	GlobalSection(ProjectConfigurationPlatforms) = postSolution
		{5800F110-DF42-4F81-84F0-64AE8E2F73CA}.Debug|Any CPU.ActiveCfg = Debug|Any CPU
		{5800F110-DF42-4F81-84F0-64AE8E2F73CA}.Debug|Any CPU.Build.0 = Debug|Any CPU
		{5800F110-DF42-4F81-84F0-64AE8E2F73CA}.Debug|Mixed Platforms.ActiveCfg = Debug|Any CPU
		{5800F110-DF42-4F81-84F0-64AE8E2F73CA}.Debug|Mixed Platforms.Build.0 = Debug|Any CPU
		{5800F110-DF42-4F81-84F0-64AE8E2F73CA}.Debug|x86.ActiveCfg = Debug|Any CPU
		{5800F110-DF42-4F81-84F0-64AE8E2F73CA}.Release|Any CPU.ActiveCfg = Release|Any CPU
		{5800F110-DF42-4F81-84F0-64AE8E2F73CA}.Release|Any CPU.Build.0 = Release|Any CPU
		{5800F110-DF42-4F81-84F0-64AE8E2F73CA}.Release|Mixed Platforms.ActiveCfg = Release|Any CPU
		{5800F110-DF42-4F81-84F0-64AE8E2F73CA}.Release|Mixed Platforms.Build.0 = Release|Any CPU
		{5800F110-DF42-4F81-84F0-64AE8E2F73CA}.Release|x86.ActiveCfg = Release|Any CPU
		{B15A30C2-CD4C-440F-925E-84EA95EA5CAB}.Debug|Any CPU.ActiveCfg = Debug|Any CPU
		{B15A30C2-CD4C-440F-925E-84EA95EA5CAB}.Debug|Any CPU.Build.0 = Debug|Any CPU
		{B15A30C2-CD4C-440F-925E-84EA95EA5CAB}.Debug|Mixed Platforms.ActiveCfg = Debug|Any CPU
		{B15A30C2-CD4C-440F-925E-84EA95EA5CAB}.Debug|Mixed Platforms.Build.0 = Debug|Any CPU
		{B15A30C2-CD4C-440F-925E-84EA95EA5CAB}.Debug|x86.ActiveCfg = Debug|Any CPU
		{B15A30C2-CD4C-440F-925E-84EA95EA5CAB}.Release|Any CPU.ActiveCfg = Release|Any CPU
		{B15A30C2-CD4C-440F-925E-84EA95EA5CAB}.Release|Any CPU.Build.0 = Release|Any CPU
		{B15A30C2-CD4C-440F-925E-84EA95EA5CAB}.Release|Mixed Platforms.ActiveCfg = Release|Any CPU
		{B15A30C2-CD4C-440F-925E-84EA95EA5CAB}.Release|Mixed Platforms.Build.0 = Release|Any CPU
		{B15A30C2-CD4C-440F-925E-84EA95EA5CAB}.Release|x86.ActiveCfg = Release|Any CPU
		{42497DC2-F051-45C0-95B5-0C927E09DD11}.Debug|Any CPU.ActiveCfg = Debug|x86
		{42497DC2-F051-45C0-95B5-0C927E09DD11}.Debug|Mixed Platforms.ActiveCfg = Debug|x86
		{42497DC2-F051-45C0-95B5-0C927E09DD11}.Debug|Mixed Platforms.Build.0 = Debug|x86
		{42497DC2-F051-45C0-95B5-0C927E09DD11}.Debug|x86.ActiveCfg = Debug|x86
		{42497DC2-F051-45C0-95B5-0C927E09DD11}.Debug|x86.Build.0 = Debug|x86
		{42497DC2-F051-45C0-95B5-0C927E09DD11}.Release|Any CPU.ActiveCfg = Release|x86
		{42497DC2-F051-45C0-95B5-0C927E09DD11}.Release|Mixed Platforms.ActiveCfg = Release|x86
		{42497DC2-F051-45C0-95B5-0C927E09DD11}.Release|Mixed Platforms.Build.0 = Release|x86
		{42497DC2-F051-45C0-95B5-0C927E09DD11}.Release|x86.ActiveCfg = Release|x86
		{42497DC2-F051-45C0-95B5-0C927E09DD11}.Release|x86.Build.0 = Release|x86
		{B04D168B-6EBE-4572-B372-1FF5E533AF91}.Debug|Any CPU.ActiveCfg = Debug|Any CPU
		{B04D168B-6EBE-4572-B372-1FF5E533AF91}.Debug|Any CPU.Build.0 = Debug|Any CPU
		{B04D168B-6EBE-4572-B372-1FF5E533AF91}.Debug|Mixed Platforms.ActiveCfg = Debug|Any CPU
		{B04D168B-6EBE-4572-B372-1FF5E533AF91}.Debug|Mixed Platforms.Build.0 = Debug|Any CPU
		{B04D168B-6EBE-4572-B372-1FF5E533AF91}.Debug|x86.ActiveCfg = Debug|Any CPU
		{B04D168B-6EBE-4572-B372-1FF5E533AF91}.Release|Any CPU.ActiveCfg = Release|Any CPU
		{B04D168B-6EBE-4572-B372-1FF5E533AF91}.Release|Any CPU.Build.0 = Release|Any CPU
		{B04D168B-6EBE-4572-B372-1FF5E533AF91}.Release|Mixed Platforms.ActiveCfg = Release|Any CPU
		{B04D168B-6EBE-4572-B372-1FF5E533AF91}.Release|Mixed Platforms.Build.0 = Release|Any CPU
		{B04D168B-6EBE-4572-B372-1FF5E533AF91}.Release|x86.ActiveCfg = Release|Any CPU
		{5A047192-ECC2-4904-9D43-B20F5E21D892}.Debug|Any CPU.ActiveCfg = Debug|Any CPU
		{5A047192-ECC2-4904-9D43-B20F5E21D892}.Debug|Any CPU.Build.0 = Debug|Any CPU
		{5A047192-ECC2-4904-9D43-B20F5E21D892}.Debug|Mixed Platforms.ActiveCfg = Debug|Any CPU
		{5A047192-ECC2-4904-9D43-B20F5E21D892}.Debug|Mixed Platforms.Build.0 = Debug|Any CPU
		{5A047192-ECC2-4904-9D43-B20F5E21D892}.Debug|x86.ActiveCfg = Debug|Any CPU
		{5A047192-ECC2-4904-9D43-B20F5E21D892}.Release|Any CPU.ActiveCfg = Release|Any CPU
		{5A047192-ECC2-4904-9D43-B20F5E21D892}.Release|Any CPU.Build.0 = Release|Any CPU
		{5A047192-ECC2-4904-9D43-B20F5E21D892}.Release|Mixed Platforms.ActiveCfg = Release|Any CPU
		{5A047192-ECC2-4904-9D43-B20F5E21D892}.Release|Mixed Platforms.Build.0 = Release|Any CPU
		{5A047192-ECC2-4904-9D43-B20F5E21D892}.Release|x86.ActiveCfg = Release|Any CPU
		{117053EF-A816-4624-AD25-786DABA5D672}.Debug|Any CPU.ActiveCfg = Debug|Any CPU
		{117053EF-A816-4624-AD25-786DABA5D672}.Debug|Any CPU.Build.0 = Debug|Any CPU
		{117053EF-A816-4624-AD25-786DABA5D672}.Debug|Mixed Platforms.ActiveCfg = Debug|Any CPU
		{117053EF-A816-4624-AD25-786DABA5D672}.Debug|Mixed Platforms.Build.0 = Debug|Any CPU
		{117053EF-A816-4624-AD25-786DABA5D672}.Debug|x86.ActiveCfg = Debug|Any CPU
		{117053EF-A816-4624-AD25-786DABA5D672}.Release|Any CPU.ActiveCfg = Release|Any CPU
		{117053EF-A816-4624-AD25-786DABA5D672}.Release|Any CPU.Build.0 = Release|Any CPU
		{117053EF-A816-4624-AD25-786DABA5D672}.Release|Mixed Platforms.ActiveCfg = Release|Any CPU
		{117053EF-A816-4624-AD25-786DABA5D672}.Release|Mixed Platforms.Build.0 = Release|Any CPU
		{117053EF-A816-4624-AD25-786DABA5D672}.Release|x86.ActiveCfg = Release|Any CPU
	EndGlobalSection
	GlobalSection(SolutionProperties) = preSolution
		HideSolutionNode = FALSE
	EndGlobalSection
EndGlobal
